[[package]]
name = "bitstring"
version = "3.1.9"
description = "Simple construction, analysis and modification of binary data."
category = "main"
optional = false
python-versions = "*"

[metadata]
lock-version = "1.1"
python-versions = "^3.8"
content-hash = "22269584c9d929b7b5ba4376cbe8617b45cab2e4e97c26c72825fc557baa15a7"

[metadata.files]
bitstring = []
